
Microsoft Visual Studio Solution File, Format Version 12.00
# Visual Studio Version 17
VisualStudioVersion = 17.5.33516.290
MinimumVisualStudioVersion = 10.0.40219.1
Project("{9A19103F-16F7-4668-BE54-9A1E7A4F7556}") = "AwesomeDevEvents", "AwesomeDevEvents\AwesomeDevEvents.csproj", "{CFF3E41E-01F6-4E4B-A150-2381ACCB2C29}"
EndProject
Global
	GlobalSection(SolutionConfigurationPlatforms) = preSolution
		Debug|Any CPU = Debug|Any CPU
		Release|Any CPU = Release|Any CPU
	EndGlobalSection
	GlobalSection(ProjectConfigurationPlatforms) = postSolution
		{CFF3E41E-01F6-4E4B-A150-2381ACCB2C29}.Debug|Any CPU.ActiveCfg = Debug|Any CPU
		{CFF3E41E-01F6-4E4B-A150-2381ACCB2C29}.Debug|Any CPU.Build.0 = Debug|Any CPU
		{CFF3E41E-01F6-4E4B-A150-2381ACCB2C29}.Release|Any CPU.ActiveCfg = Release|Any CPU
		{CFF3E41E-01F6-4E4B-A150-2381ACCB2C29}.Release|Any CPU.Build.0 = Release|Any CPU
	EndGlobalSection
	GlobalSection(SolutionProperties) = preSolution
		HideSolutionNode = FALSE
	EndGlobalSection
	GlobalSection(ExtensibilityGlobals) = postSolution
		SolutionGuid = {176DDFBB-E4AE-44CC-9D02-DF20030E62A2}
	EndGlobalSection
EndGlobal
